
Microsoft Visual Studio Solution File, Format Version 12.00
# Visual Studio Version 16
VisualStudioVersion = 16.0.31702.278
MinimumVisualStudioVersion = 10.0.40219.1
Project("{FAE04EC0-301F-11D3-BF4B-00C04F79EFBC}") = "RSS_Haber_Basliklari_Cekme", "RSS_Haber_Basliklari_Cekme\RSS_Haber_Basliklari_Cekme.csproj", "{6997F113-8609-4879-886D-5AB90EBD8A16}"
EndProject
Global
	GlobalSection(SolutionConfigurationPlatforms) = preSolution
		Debug|Any CPU = Debug|Any CPU
		Release|Any CPU = Release|Any CPU
	EndGlobalSection
	GlobalSection(ProjectConfigurationPlatforms) = postSolution
		{6997F113-8609-4879-886D-5AB90EBD8A16}.Debug|Any CPU.ActiveCfg = Debug|Any CPU
		{6997F113-8609-4879-886D-5AB90EBD8A16}.Debug|Any CPU.Build.0 = Debug|Any CPU
		{6997F113-8609-4879-886D-5AB90EBD8A16}.Release|Any CPU.ActiveCfg = Release|Any CPU
		{6997F113-8609-4879-886D-5AB90EBD8A16}.Release|Any CPU.Build.0 = Release|Any CPU
	EndGlobalSection
	GlobalSection(SolutionProperties) = preSolution
		HideSolutionNode = FALSE
	EndGlobalSection
	GlobalSection(ExtensibilityGlobals) = postSolution
		SolutionGuid = {CE45A8AF-3FD9-4C84-8759-78D9EDBFF000}
	EndGlobalSection
EndGlobal
